
Microsoft Visual Studio Solution File, Format Version 12.00
# Visual Studio Version 16
VisualStudioVersion = 16.0.30114.105
MinimumVisualStudioVersion = 10.0.40219.1
Project("{FAE04EC0-301F-11D3-BF4B-00C04F79EFBC}") = "MyListProgram", "MyListProgram\MyListProgram.csproj", "{117DAB0B-406B-4980-A944-C05CD198DBA2}"
EndProject
Project("{FAE04EC0-301F-11D3-BF4B-00C04F79EFBC}") = "MyListLibrary", "MyListLibrary\MyListLibrary.csproj", "{98C455A8-DEB1-49E6-BEE4-7550856130C5}"
EndProject
Global
	GlobalSection(SolutionConfigurationPlatforms) = preSolution
		Debug|Any CPU = Debug|Any CPU
		Release|Any CPU = Release|Any CPU
	EndGlobalSection
	GlobalSection(SolutionProperties) = preSolution
		HideSolutionNode = FALSE
	EndGlobalSection
	GlobalSection(ProjectConfigurationPlatforms) = postSolution
		{117DAB0B-406B-4980-A944-C05CD198DBA2}.Debug|Any CPU.ActiveCfg = Debug|Any CPU
		{117DAB0B-406B-4980-A944-C05CD198DBA2}.Debug|Any CPU.Build.0 = Debug|Any CPU
		{117DAB0B-406B-4980-A944-C05CD198DBA2}.Release|Any CPU.ActiveCfg = Release|Any CPU
		{117DAB0B-406B-4980-A944-C05CD198DBA2}.Release|Any CPU.Build.0 = Release|Any CPU
		{98C455A8-DEB1-49E6-BEE4-7550856130C5}.Debug|Any CPU.ActiveCfg = Debug|Any CPU
		{98C455A8-DEB1-49E6-BEE4-7550856130C5}.Debug|Any CPU.Build.0 = Debug|Any CPU
		{98C455A8-DEB1-49E6-BEE4-7550856130C5}.Release|Any CPU.ActiveCfg = Release|Any CPU
		{98C455A8-DEB1-49E6-BEE4-7550856130C5}.Release|Any CPU.Build.0 = Release|Any CPU
	EndGlobalSection
EndGlobal
